
Microsoft Visual Studio Solution File, Format Version 12.00
# Visual Studio 15
VisualStudioVersion = 15.0.28307.1169
MinimumVisualStudioVersion = 10.0.40219.1
Project("{FAE04EC0-301F-11D3-BF4B-00C04F79EFBC}") = "Vezba14", "Vezba14\Vezba14.csproj", "{C871A3E6-6C0A-4F6B-B1BF-72690F6B0DDF}"
EndProject
Global
	GlobalSection(SolutionConfigurationPlatforms) = preSolution
		Debug|Any CPU = Debug|Any CPU
		Release|Any CPU = Release|Any CPU
	EndGlobalSection
	GlobalSection(ProjectConfigurationPlatforms) = postSolution
		{C871A3E6-6C0A-4F6B-B1BF-72690F6B0DDF}.Debug|Any CPU.ActiveCfg = Debug|Any CPU
		{C871A3E6-6C0A-4F6B-B1BF-72690F6B0DDF}.Debug|Any CPU.Build.0 = Debug|Any CPU
		{C871A3E6-6C0A-4F6B-B1BF-72690F6B0DDF}.Release|Any CPU.ActiveCfg = Release|Any CPU
		{C871A3E6-6C0A-4F6B-B1BF-72690F6B0DDF}.Release|Any CPU.Build.0 = Release|Any CPU
	EndGlobalSection
	GlobalSection(SolutionProperties) = preSolution
		HideSolutionNode = FALSE
	EndGlobalSection
	GlobalSection(ExtensibilityGlobals) = postSolution
		SolutionGuid = {F34D4B79-23F9-4015-9074-A555B36EF3E2}
	EndGlobalSection
EndGlobal
